
Microsoft Visual Studio Solution File, Format Version 12.00
# Visual Studio Version 17
VisualStudioVersion = 17.11.35327.3
MinimumVisualStudioVersion = 10.0.40219.1
Project("{FAE04EC0-301F-11D3-BF4B-00C04F79EFBC}") = "EPS.GESTIONCITAS.CITASWebApi", "EPS.GESTIONCITAS.CITASWebApi\EPS.GESTIONCITAS.CITASWebApi.csproj", "{D856DFBF-4604-4D03-8DDC-C416BFA7B007}"
EndProject
Project("{FAE04EC0-301F-11D3-BF4B-00C04F79EFBC}") = "EPS.GESTIONCITAS.CITASDataAccess", "EPS.GESTIONCITAS.CITASDataAccess\EPS.GESTIONCITAS.CITASDataAccess.csproj", "{E47BA784-55F5-4B4C-BDE3-63880D0673FC}"
EndProject
Project("{FAE04EC0-301F-11D3-BF4B-00C04F79EFBC}") = "EPS.GESTIONCITAS.CITASLogic", "EPS.GESTIONCITAS.CITASLogic\EPS.GESTIONCITAS.CITASLogic.csproj", "{75F4FEBE-197E-4E9D-A76D-2085A1924316}"
EndProject
Global
	GlobalSection(SolutionConfigurationPlatforms) = preSolution
		Debug|Any CPU = Debug|Any CPU
		Release|Any CPU = Release|Any CPU
	EndGlobalSection
	GlobalSection(ProjectConfigurationPlatforms) = postSolution
		{D856DFBF-4604-4D03-8DDC-C416BFA7B007}.Debug|Any CPU.ActiveCfg = Debug|Any CPU
		{D856DFBF-4604-4D03-8DDC-C416BFA7B007}.Debug|Any CPU.Build.0 = Debug|Any CPU
		{D856DFBF-4604-4D03-8DDC-C416BFA7B007}.Release|Any CPU.ActiveCfg = Release|Any CPU
		{D856DFBF-4604-4D03-8DDC-C416BFA7B007}.Release|Any CPU.Build.0 = Release|Any CPU
		{E47BA784-55F5-4B4C-BDE3-63880D0673FC}.Debug|Any CPU.ActiveCfg = Debug|Any CPU
		{E47BA784-55F5-4B4C-BDE3-63880D0673FC}.Debug|Any CPU.Build.0 = Debug|Any CPU
		{E47BA784-55F5-4B4C-BDE3-63880D0673FC}.Release|Any CPU.ActiveCfg = Release|Any CPU
		{E47BA784-55F5-4B4C-BDE3-63880D0673FC}.Release|Any CPU.Build.0 = Release|Any CPU
		{75F4FEBE-197E-4E9D-A76D-2085A1924316}.Debug|Any CPU.ActiveCfg = Debug|Any CPU
		{75F4FEBE-197E-4E9D-A76D-2085A1924316}.Debug|Any CPU.Build.0 = Debug|Any CPU
		{75F4FEBE-197E-4E9D-A76D-2085A1924316}.Release|Any CPU.ActiveCfg = Release|Any CPU
		{75F4FEBE-197E-4E9D-A76D-2085A1924316}.Release|Any CPU.Build.0 = Release|Any CPU
	EndGlobalSection
	GlobalSection(SolutionProperties) = preSolution
		HideSolutionNode = FALSE
	EndGlobalSection
	GlobalSection(ExtensibilityGlobals) = postSolution
		SolutionGuid = {08F4D577-E5F8-44D6-9844-B61238657E78}
	EndGlobalSection
EndGlobal
